// !$*UTF8*$!
{
	archiveVersion = 1;
	classes = {
	};
	objectVersion = 46;
	objects = {

/* Begin PBXBuildFile section */
		F63034A71F6C4A6F000DA410 /* AppDelegate.swift in Sources */ = {isa = PBXBuildFile; fileRef = F63034A61F6C4A6F000DA410 /* AppDelegate.swift */; };
		F63034A91F6C4A6F000DA410 /* ViewController.swift in Sources */ = {isa = PBXBuildFile; fileRef = F63034A81F6C4A6F000DA410 /* ViewController.swift */; };
		F63034AC1F6C4A6F000DA410 /* Main.storyboard in Resources */ = {isa = PBXBuildFile; fileRef = F63034AA1F6C4A6F000DA410 /* Main.storyboard */; };
		F63034AE1F6C4A6F000DA410 /* Assets.xcassets in Resources */ = {isa = PBXBuildFile; fileRef = F63034AD1F6C4A6F000DA410 /* Assets.xcassets */; };
		F63034B11F6C4A6F000DA410 /* LaunchScreen.storyboard in Resources */ = {isa = PBXBuildFile; fileRef = F63034AF1F6C4A6F000DA410 /* LaunchScreen.storyboard */; };
		F63034B91F6C6111000DA410 /* pokemon.csv in Resources */ = {isa = PBXBuildFile; fileRef = F63034B81F6C6111000DA410 /* pokemon.csv */; };
/* End PBXBuildFile section */

/* Begin PBXFileReference section */
		F63034A31F6C4A6F000DA410 /* Podédex.app */ = {isa = PBXFileReference; explicitFileType = wrapper.application; includeInIndex = 0; path = "Podédex.app"; sourceTree = BUILT_PRODUCTS_DIR; };
		F63034A61F6C4A6F000DA410 /* AppDelegate.swift */ = {isa = PBXFileReference; lastKnownFileType = sourcecode.swift; path = AppDelegate.swift; sourceTree = "<group>"; };
		F63034A81F6C4A6F000DA410 /* ViewController.swift */ = {isa = PBXFileReference; lastKnownFileType = sourcecode.swift; path = ViewController.swift; sourceTree = "<group>"; };
		F63034AB1F6C4A6F000DA410 /* Base */ = {isa = PBXFileReference; lastKnownFileType = file.storyboard; name = Base; path = Base.lproj/Main.storyboard; sourceTree = "<group>"; };
		F63034AD1F6C4A6F000DA410 /* Assets.xcassets */ = {isa = PBXFileReference; lastKnownFileType = folder.assetcatalog; path = Assets.xcassets; sourceTree = "<group>"; };
		F63034B01F6C4A6F000DA410 /* Base */ = {isa = PBXFileReference; lastKnownFileType = file.storyboard; name = Base; path = Base.lproj/LaunchScreen.storyboard; sourceTree = "<group>"; };
		F63034B21F6C4A6F000DA410 /* Info.plist */ = {isa = PBXFileReference; lastKnownFileType = text.plist.xml; path = Info.plist; sourceTree = "<group>"; };
		F63034B81F6C6111000DA410 /* pokemon.csv */ = {isa = PBXFileReference; fileEncoding = 4; lastKnownFileType = text; path = pokemon.csv; sourceTree = "<group>"; };
/* End PBXFileReference section */

/* Begin PBXFrameworksBuildPhase section */
		F63034A01F6C4A6E000DA410 /* Frameworks */ = {
			isa = PBXFrameworksBuildPhase;
			buildActionMask = 2147483647;
			files = (
			);
			runOnlyForDeploymentPostprocessing = 0;
		};
/* End PBXFrameworksBuildPhase section */

/* Begin PBXGroup section */
		F630349A1F6C4A6E000DA410 = {
			isa = PBXGroup;
			children = (
				F63034A51F6C4A6F000DA410 /* Podédex */,
				F63034A41F6C4A6F000DA410 /* Products */,
			);
			sourceTree = "<group>";
		};
		F63034A41F6C4A6F000DA410 /* Products */ = {
			isa = PBXGroup;
			children = (
				F63034A31F6C4A6F000DA410 /* Podédex.app */,
			);
			name = Products;
			sourceTree = "<group>";
		};
		F63034A51F6C4A6F000DA410 /* Podédex */ = {
			isa = PBXGroup;
			children = (
				F63034A61F6C4A6F000DA410 /* AppDelegate.swift */,
				F63034A81F6C4A6F000DA410 /* ViewController.swift */,
				F63034AA1F6C4A6F000DA410 /* Main.storyboard */,
				F63034AD1F6C4A6F000DA410 /* Assets.xcassets */,
				F63034B81F6C6111000DA410 /* pokemon.csv */,
				F63034AF1F6C4A6F000DA410 /* LaunchScreen.storyboard */,
				F63034B21F6C4A6F000DA410 /* Info.plist */,
			);
			path = "Podédex";
			sourceTree = "<group>";
		};
/* End PBXGroup section */

/* Begin PBXNativeTarget section */
		F63034A21F6C4A6E000DA410 /* Podédex */ = {
			isa = PBXNativeTarget;
			buildConfigurationList = F63034B51F6C4A6F000DA410 /* Build configuration list for PBXNativeTarget "Podédex" */;
			buildPhases = (
				F630349F1F6C4A6E000DA410 /* Sources */,
				F63034A01F6C4A6E000DA410 /* Frameworks */,
				F63034A11F6C4A6E000DA410 /* Resources */,
			);
			buildRules = (
			);
			dependencies = (
			);
			name = "Podédex";
			productName = "Podédex";
			productReference = F63034A31F6C4A6F000DA410 /* Podédex.app */;
			productType = "com.apple.product-type.application";
		};
/* End PBXNativeTarget section */

/* Begin PBXProject section */
		F630349B1F6C4A6E000DA410 /* Project object */ = {
			isa = PBXProject;
			attributes = {
				LastSwiftUpdateCheck = 0830;
				LastUpgradeCheck = 0830;
				ORGANIZATIONNAME = "Ryan Shores";
				TargetAttributes = {
					F63034A21F6C4A6E000DA410 = {
						CreatedOnToolsVersion = 8.3.1;
						DevelopmentTeam = 77H7V8G86J;
						ProvisioningStyle = Automatic;
					};
				};
			};
			buildConfigurationList = F630349E1F6C4A6E000DA410 /* Build configuration list for PBXProject "Podédex" */;
			compatibilityVersion = "Xcode 3.2";
			developmentRegion = English;
			hasScannedForEncodings = 0;
			knownRegions = (
				en,
				Base,
			);
			mainGroup = F630349A1F6C4A6E000DA410;
			productRefGroup = F63034A41F6C4A6F000DA410 /* Products */;
			projectDirPath = "";
			projectRoot = "";
			targets = (
				F63034A21F6C4A6E000DA410 /* Podédex */,
			);
		};
/* End PBXProject section */

/* Begin PBXResourcesBuildPhase section */
		F63034A11F6C4A6E000DA410 /* Resources */ = {
			isa = PBXResourcesBuildPhase;
			buildActionMask = 2147483647;
			files = (
				F63034B11F6C4A6F000DA410 /* LaunchScreen.storyboard in Resources */,
				F63034AE1F6C4A6F000DA410 /* Assets.xcassets in Resources */,
				F63034B91F6C6111000DA410 /* pokemon.csv in Resources */,
				F63034AC1F6C4A6F000DA410 /* Main.storyboard in Resources */,
			);
			runOnlyForDeploymentPostprocessing = 0;
		};
/* End PBXResourcesBuildPhase section */

/* Begin PBXSourcesBuildPhase section */
		F630349F1F6C4A6E000DA410 /* Sources */ = {
			isa = PBXSourcesBuildPhase;
			buildActionMask = 2147483647;
			files = (
				F63034A91F6C4A6F000DA410 /* ViewController.swift in Sources */,
				F63034A71F6C4A6F000DA410 /* AppDelegate.swift in Sources */,
			);
			runOnlyForDeploymentPostprocessing = 0;
		};
/* End PBXSourcesBuildPhase section */

/* Begin PBXVariantGroup section */
		F63034AA1F6C4A6F000DA410 /* Main.storyboard */ = {
			isa = PBXVariantGroup;
			children = (
				F63034AB1F6C4A6F000DA410 /* Base */,
			);
			name = Main.storyboard;
			sourceTree = "<group>";
		};
		F63034AF1F6C4A6F000DA410 /* LaunchScreen.storyboard */ = {
			isa = PBXVariantGroup;
			children = (
				F63034B01F6C4A6F000DA410 /* Base */,
			);
			name = LaunchScreen.storyboard;
			sourceTree = "<group>";
		};
/* End PBXVariantGroup section */

/* Begin XCBuildConfiguration section */
		F63034B31F6C4A6F000DA410 /* Debug */ = {
			isa = XCBuildConfiguration;
			buildSettings = {
				ALWAYS_SEARCH_USER_PATHS = NO;
				CLANG_ANALYZER_NONNULL = YES;
				CLANG_ANALYZER_NUMBER_OBJECT_CONVERSION = YES_AGGRESSIVE;
				CLANG_CXX_LANGUAGE_STANDARD = "gnu++0x";
				CLANG_CXX_LIBRARY = "libc++";
				CLANG_ENABLE_MODULES = YES;
				CLANG_ENABLE_OBJC_ARC = YES;
				CLANG_WARN_BOOL_CONVERSION = YES;
				CLANG_WARN_CONSTANT_CONVERSION = YES;
				CLANG_WARN_DIRECT_OBJC_ISA_USAGE = YES_ERROR;
				CLANG_WARN_DOCUMENTATION_COMMENTS = YES;
				CLANG_WARN_EMPTY_BODY = YES;
				CLANG_WARN_ENUM_CONVERSION = YES;
				CLANG_WARN_INFINITE_RECURSION = YES;
				CLANG_WARN_INT_CONVERSION = YES;
				CLANG_WARN_OBJC_ROOT_CLASS = YES_ERROR;
				CLANG_WARN_SUSPICIOUS_MOVE = YES;
				CLANG_WARN_UNREACHABLE_CODE = YES;
				CLANG_WARN__DUPLICATE_METHOD_MATCH = YES;
				"CODE_SIGN_IDENTITY[sdk=iphoneos*]" = "iPhone Developer";
				COPY_PHASE_STRIP = NO;
				DEBUG_INFORMATION_FORMAT = dwarf;
				ENABLE_STRICT_OBJC_MSGSEND = YES;
				ENABLE_TESTABILITY = YES;
				GCC_C_LANGUAGE_STANDARD = gnu99;
				GCC_DYNAMIC_NO_PIC = NO;
				GCC_NO_COMMON_BLOCKS = YES;
				GCC_OPTIMIZATION_LEVEL = 0;
				GCC_PREPROCESSOR_DEFINITIONS = (
					"DEBUG=1",
					"$(inherited)",
				);
				GCC_WARN_64_TO_32_BIT_CONVERSION = YES;
				GCC_WARN_ABOUT_RETURN_TYPE = YES_ERROR;
				GCC_WARN_UNDECLARED_SELECTOR = YES;
				GCC_WARN_UNINITIALIZED_AUTOS = YES_AGGRESSIVE;
				GCC_WARN_UNUSED_FUNCTION = YES;
				GCC_WARN_UNUSED_VARIABLE = YES;
				IPHONEOS_DEPLOYMENT_TARGET = 10.3;
				MTL_ENABLE_DEBUG_INFO = YES;
				ONLY_ACTIVE_ARCH = YES;
				SDKROOT = iphoneos;
				SWIFT_ACTIVE_COMPILATION_CONDITIONS = DEBUG;
				SWIFT_OPTIMIZATION_LEVEL = "-Onone";
			};
			name = Debug;
		};
		F63034B41F6C4A6F000DA410 /* Release */ = {
			isa = XCBuildConfiguration;
			buildSettings = {
				ALWAYS_SEARCH_USER_PATHS = NO;
				CLANG_ANALYZER_NONNULL = YES;
				CLANG_ANALYZER_NUMBER_OBJECT_CONVERSION = YES_AGGRESSIVE;
				CLANG_CXX_LANGUAGE_STANDARD = "gnu++0x";
				CLANG_CXX_LIBRARY = "libc++";
				CLANG_ENABLE_MODULES = YES;
				CLANG_ENABLE_OBJC_ARC = YES;
				CLANG_WARN_BOOL_CONVERSION = YES;
				CLANG_WARN_CONSTANT_CONVERSION = YES;
				CLANG_WARN_DIRECT_OBJC_ISA_USAGE = YES_ERROR;
				CLANG_WARN_DOCUMENTATION_COMMENTS = YES;
				CLANG_WARN_EMPTY_BODY = YES;
				CLANG_WARN_ENUM_CONVERSION = YES;
				CLANG_WARN_INFINITE_RECURSION = YES;
				CLANG_WARN_INT_CONVERSION = YES;
				CLANG_WARN_OBJC_ROOT_CLASS = YES_ERROR;
				CLANG_WARN_SUSPICIOUS_MOVE = YES;
				CLANG_WARN_UNREACHABLE_CODE = YES;
				CLANG_WARN__DUPLICATE_METHOD_MATCH = YES;
				"CODE_SIGN_IDENTITY[sdk=iphoneos*]" = "iPhone Developer";
				COPY_PHASE_STRIP = NO;
				DEBUG_INFORMATION_FORMAT = "dwarf-with-dsym";
				ENABLE_NS_ASSERTIONS = NO;
				ENABLE_STRICT_OBJC_MSGSEND = YES;
				GCC_C_LANGUAGE_STANDARD = gnu99;
				GCC_NO_COMMON_BLOCKS = YES;
				GCC_WARN_64_TO_32_BIT_CONVERSION = YES;
				GCC_WARN_ABOUT_RETURN_TYPE = YES_ERROR;
				GCC_WARN_UNDECLARED_SELECTOR = YES;
				GCC_WARN_UNINITIALIZED_AUTOS = YES_AGGRESSIVE;
				GCC_WARN_UNUSED_FUNCTION = YES;
				GCC_WARN_UNUSED_VARIABLE = YES;
				IPHONEOS_DEPLOYMENT_TARGET = 10.3;
				MTL_ENABLE_DEBUG_INFO = NO;
				SDKROOT = iphoneos;
				SWIFT_OPTIMIZATION_LEVEL = "-Owholemodule";
				VALIDATE_PRODUCT = YES;
			};
			name = Release;
		};
		F63034B61F6C4A6F000DA410 /* Debug */ = {
			isa = XCBuildConfiguration;
			buildSettings = {
				ASSETCATALOG_COMPILER_APPICON_NAME = AppIcon;
				DEVELOPMENT_TEAM = 77H7V8G86J;
				INFOPLIST_FILE = "Podédex/Info.plist";
				LD_RUNPATH_SEARCH_PATHS = "$(inherited) @executable_path/Frameworks";
				PRODUCT_BUNDLE_IDENTIFIER = "Shores.Pode-dex";
				PRODUCT_NAME = "$(TARGET_NAME)";
				SWIFT_VERSION = 3.0;
			};
			name = Debug;
		};
		F63034B71F6C4A6F000DA410 /* Release */ = {
			isa = XCBuildConfiguration;
			buildSettings = {
				ASSETCATALOG_COMPILER_APPICON_NAME = AppIcon;
				DEVELOPMENT_TEAM = 77H7V8G86J;
				INFOPLIST_FILE = "Podédex/Info.plist";
				LD_RUNPATH_SEARCH_PATHS = "$(inherited) @executable_path/Frameworks";
				PRODUCT_BUNDLE_IDENTIFIER = "Shores.Pode-dex";
				PRODUCT_NAME = "$(TARGET_NAME)";
				SWIFT_VERSION = 3.0;
			};
			name = Release;
		};
/* End XCBuildConfiguration section */

/* Begin XCConfigurationList section */
		F630349E1F6C4A6E000DA410 /* Build configuration list for PBXProject "Podédex" */ = {
			isa = XCConfigurationList;
			buildConfigurations = (
				F63034B31F6C4A6F000DA410 /* Debug */,
				F63034B41F6C4A6F000DA410 /* Release */,
			);
			defaultConfigurationIsVisible = 0;
			defaultConfigurationName = Release;
		};
		F63034B51F6C4A6F000DA410 /* Build configuration list for PBXNativeTarget "Podédex" */ = {
			isa = XCConfigurationList;
			buildConfigurations = (
				F63034B61F6C4A6F000DA410 /* Debug */,
				F63034B71F6C4A6F000DA410 /* Release */,
			);
			defaultConfigurationIsVisible = 0;
		};
/* End XCConfigurationList section */
	};
	rootObject = F630349B1F6C4A6E000DA410 /* Project object */;
}
